// !$*UTF8*$!
{
	archiveVersion = 1;
	classes = {
	};
	objectVersion = 52;
	objects = {

/* Begin PBXBuildFile section */
		7D121FCA24B59248009FD29F /* SongCell.swift in Sources */ = {isa = PBXBuildFile; fileRef = 7D121FC824B59248009FD29F /* SongCell.swift */; };
		7D121FCB24B59248009FD29F /* SongCell.xib in Resources */ = {isa = PBXBuildFile; fileRef = 7D121FC924B59248009FD29F /* SongCell.xib */; };
		7D16CB9924B4A5760027ACD7 /* Extensions.swift in Sources */ = {isa = PBXBuildFile; fileRef = 7D16CB9824B4A5760027ACD7 /* Extensions.swift */; };
		7D16CB9B24B4A94E0027ACD7 /* Tour.swift in Sources */ = {isa = PBXBuildFile; fileRef = 7D16CB9A24B4A94E0027ACD7 /* Tour.swift */; };
		7D33687024B4E33C0018746B /* Song.swift in Sources */ = {isa = PBXBuildFile; fileRef = 7D33686F24B4E33C0018746B /* Song.swift */; };
		7D33687324B4E4A40018746B /* AlbumCell.swift in Sources */ = {isa = PBXBuildFile; fileRef = 7D33687124B4E4A40018746B /* AlbumCell.swift */; };
		7D33687424B4E4A40018746B /* AlbumCell.xib in Resources */ = {isa = PBXBuildFile; fileRef = 7D33687224B4E4A40018746B /* AlbumCell.xib */; };
		7D33687624B4E8E30018746B /* BaseCell.swift in Sources */ = {isa = PBXBuildFile; fileRef = 7D33687524B4E8E30018746B /* BaseCell.swift */; };
		7D4CD91724B457F2009AEA54 /* AppDelegate.swift in Sources */ = {isa = PBXBuildFile; fileRef = 7D4CD91624B457F2009AEA54 /* AppDelegate.swift */; };
		7D4CD91924B457F2009AEA54 /* SceneDelegate.swift in Sources */ = {isa = PBXBuildFile; fileRef = 7D4CD91824B457F2009AEA54 /* SceneDelegate.swift */; };
		7D4CD91B24B457F2009AEA54 /* TourViewController.swift in Sources */ = {isa = PBXBuildFile; fileRef = 7D4CD91A24B457F2009AEA54 /* TourViewController.swift */; };
		7D4CD91D24B457F2009AEA54 /* AlbumsViewController.swift in Sources */ = {isa = PBXBuildFile; fileRef = 7D4CD91C24B457F2009AEA54 /* AlbumsViewController.swift */; };
		7D4CD92024B457F2009AEA54 /* Main.storyboard in Resources */ = {isa = PBXBuildFile; fileRef = 7D4CD91E24B457F2009AEA54 /* Main.storyboard */; };
		7D4CD92224B457F3009AEA54 /* Assets.xcassets in Resources */ = {isa = PBXBuildFile; fileRef = 7D4CD92124B457F3009AEA54 /* Assets.xcassets */; };
		7D4CD92524B457F3009AEA54 /* LaunchScreen.storyboard in Resources */ = {isa = PBXBuildFile; fileRef = 7D4CD92324B457F3009AEA54 /* LaunchScreen.storyboard */; };
		7D4CD92D24B4585F009AEA54 /* MainTabBarController.swift in Sources */ = {isa = PBXBuildFile; fileRef = 7D4CD92C24B4585F009AEA54 /* MainTabBarController.swift */; };
		7D4CD92F24B458CB009AEA54 /* InformationViewController.swift in Sources */ = {isa = PBXBuildFile; fileRef = 7D4CD92E24B458CB009AEA54 /* InformationViewController.swift */; };
		7D4CD93924B45AE7009AEA54 /* Ubuntu-Medium.ttf in Resources */ = {isa = PBXBuildFile; fileRef = 7D4CD93124B45AE6009AEA54 /* Ubuntu-Medium.ttf */; };
		7D4CD93A24B45AE7009AEA54 /* Ubuntu-Light.ttf in Resources */ = {isa = PBXBuildFile; fileRef = 7D4CD93224B45AE6009AEA54 /* Ubuntu-Light.ttf */; };
		7D4CD93C24B45AE7009AEA54 /* Ubuntu-Regular.ttf in Resources */ = {isa = PBXBuildFile; fileRef = 7D4CD93424B45AE6009AEA54 /* Ubuntu-Regular.ttf */; };
		7D4CD93F24B45AE7009AEA54 /* Ubuntu-Bold.ttf in Resources */ = {isa = PBXBuildFile; fileRef = 7D4CD93724B45AE6009AEA54 /* Ubuntu-Bold.ttf */; };
		7D4CD94224B47480009AEA54 /* BaseViewController.swift in Sources */ = {isa = PBXBuildFile; fileRef = 7D4CD94124B47480009AEA54 /* BaseViewController.swift */; };
		7D4CD94424B47AEF009AEA54 /* Concert.swift in Sources */ = {isa = PBXBuildFile; fileRef = 7D4CD94324B47AEF009AEA54 /* Concert.swift */; };
		7D4CD94824B47B2B009AEA54 /* Album.swift in Sources */ = {isa = PBXBuildFile; fileRef = 7D4CD94724B47B2B009AEA54 /* Album.swift */; };
		7D4CD95124B48B30009AEA54 /* ConcertCell.swift in Sources */ = {isa = PBXBuildFile; fileRef = 7D4CD94F24B48B30009AEA54 /* ConcertCell.swift */; };
		7D5C3D3C24B5A563006D0D35 /* AlbumInforamtionCell.swift in Sources */ = {isa = PBXBuildFile; fileRef = 7D5C3D3A24B5A563006D0D35 /* AlbumInforamtionCell.swift */; };
		7D5C3D3D24B5A563006D0D35 /* AlbumInforamtionCell.xib in Resources */ = {isa = PBXBuildFile; fileRef = 7D5C3D3B24B5A563006D0D35 /* AlbumInforamtionCell.xib */; };
		7D5C3D4024B5A582006D0D35 /* AlbumInformationHeaderCell.swift in Sources */ = {isa = PBXBuildFile; fileRef = 7D5C3D3E24B5A582006D0D35 /* AlbumInformationHeaderCell.swift */; };
		7D6D6A6624BA84FE006EF77E /* AnalyticsAPISerice.swift in Sources */ = {isa = PBXBuildFile; fileRef = 7D6D6A6524BA84FE006EF77E /* AnalyticsAPISerice.swift */; };
		7D6D6A6D24BA87F9006EF77E /* ConcertCell.xib in Resources */ = {isa = PBXBuildFile; fileRef = 7D6D6A6F24BA87F9006EF77E /* ConcertCell.xib */; };
		7D6D6A7624BA8825006EF77E /* AlbumInformationHeaderCell.xib in Resources */ = {isa = PBXBuildFile; fileRef = 7D6D6A7824BA8825006EF77E /* AlbumInformationHeaderCell.xib */; };
		7D6D6A8424BA8880006EF77E /* Localizable.strings in Resources */ = {isa = PBXBuildFile; fileRef = 7D6D6A8124BA8877006EF77E /* Localizable.strings */; };
		7D91156324B5D637005C5425 /* media.json in Resources */ = {isa = PBXBuildFile; fileRef = 7D91156224B5D637005C5425 /* media.json */; };
		7D91156524B5D69B005C5425 /* Media.swift in Sources */ = {isa = PBXBuildFile; fileRef = 7D91156424B5D69B005C5425 /* Media.swift */; };
		7D91156724B5D77C005C5425 /* MediaAPIService.swift in Sources */ = {isa = PBXBuildFile; fileRef = 7D91156624B5D77C005C5425 /* MediaAPIService.swift */; };
		7D91156E24B5DAFB005C5425 /* MediaCell.swift in Sources */ = {isa = PBXBuildFile; fileRef = 7D91156C24B5DAFB005C5425 /* MediaCell.swift */; };
		7D91156F24B5DAFB005C5425 /* MediaCell.xib in Resources */ = {isa = PBXBuildFile; fileRef = 7D91156D24B5DAFB005C5425 /* MediaCell.xib */; };
		7D94417724B4F98B00558D18 /* AlbumsAPIService.swift in Sources */ = {isa = PBXBuildFile; fileRef = 7D94417624B4F98B00558D18 /* AlbumsAPIService.swift */; };
		7D94417B24B4FD6F00558D18 /* AlbumDetailsViewController.swift in Sources */ = {isa = PBXBuildFile; fileRef = 7D94417A24B4FD6F00558D18 /* AlbumDetailsViewController.swift */; };
		7D94417D24B4FF3400558D18 /* albums-edited.json in Resources */ = {isa = PBXBuildFile; fileRef = 7D94417C24B4FF3400558D18 /* albums-edited.json */; };
		7DCB463C24B49EC10008EF46 /* ServicesContainer.swift in Sources */ = {isa = PBXBuildFile; fileRef = 7DCB463B24B49EC10008EF46 /* ServicesContainer.swift */; };
		7DCB463E24B49EDD0008EF46 /* ConcertsAPIService.swift in Sources */ = {isa = PBXBuildFile; fileRef = 7DCB463D24B49EDD0008EF46 /* ConcertsAPIService.swift */; };
		7DFB275624E917AB0078192B /* Kingfisher in Frameworks */ = {isa = PBXBuildFile; productRef = 7DFB275524E917AB0078192B /* Kingfisher */; };
		7DFB275824E91A320078192B /* ConcertViewController.swift in Sources */ = {isa = PBXBuildFile; fileRef = 7DFB275724E91A320078192B /* ConcertViewController.swift */; };
		7DFB275A24E920F30078192B /* ConcertMapLocation.swift in Sources */ = {isa = PBXBuildFile; fileRef = 7DFB275924E920F30078192B /* ConcertMapLocation.swift */; };
		7DFB275C24E923880078192B /* Artwork.swift in Sources */ = {isa = PBXBuildFile; fileRef = 7DFB275B24E923880078192B /* Artwork.swift */; };
		7DFD911F24B49B41008CD205 /* GoogleService-Info.plist in Resources */ = {isa = PBXBuildFile; fileRef = 7DFD911E24B49B41008CD205 /* GoogleService-Info.plist */; };
		C444C6CE515222282AE6F15E /* Pods_nobodyOne.framework in Frameworks */ = {isa = PBXBuildFile; fileRef = 55567A7B68644B5E073FC6FD /* Pods_nobodyOne.framework */; };
/* End PBXBuildFile section */

/* Begin PBXFileReference section */
		55567A7B68644B5E073FC6FD /* Pods_nobodyOne.framework */ = {isa = PBXFileReference; explicitFileType = wrapper.framework; includeInIndex = 0; path = Pods_nobodyOne.framework; sourceTree = BUILT_PRODUCTS_DIR; };
		7D121FC824B59248009FD29F /* SongCell.swift */ = {isa = PBXFileReference; lastKnownFileType = sourcecode.swift; path = SongCell.swift; sourceTree = "<group>"; };
		7D121FC924B59248009FD29F /* SongCell.xib */ = {isa = PBXFileReference; lastKnownFileType = file.xib; path = SongCell.xib; sourceTree = "<group>"; };
		7D16CB9824B4A5760027ACD7 /* Extensions.swift */ = {isa = PBXFileReference; lastKnownFileType = sourcecode.swift; path = Extensions.swift; sourceTree = "<group>"; };
		7D16CB9A24B4A94E0027ACD7 /* Tour.swift */ = {isa = PBXFileReference; lastKnownFileType = sourcecode.swift; path = Tour.swift; sourceTree = "<group>"; };
		7D33686F24B4E33C0018746B /* Song.swift */ = {isa = PBXFileReference; lastKnownFileType = sourcecode.swift; path = Song.swift; sourceTree = "<group>"; };
		7D33687124B4E4A40018746B /* AlbumCell.swift */ = {isa = PBXFileReference; lastKnownFileType = sourcecode.swift; path = AlbumCell.swift; sourceTree = "<group>"; };
		7D33687224B4E4A40018746B /* AlbumCell.xib */ = {isa = PBXFileReference; lastKnownFileType = file.xib; path = AlbumCell.xib; sourceTree = "<group>"; };
		7D33687524B4E8E30018746B /* BaseCell.swift */ = {isa = PBXFileReference; lastKnownFileType = sourcecode.swift; path = BaseCell.swift; sourceTree = "<group>"; };
		7D4CD91324B457F2009AEA54 /* nobody.one.app */ = {isa = PBXFileReference; explicitFileType = wrapper.application; includeInIndex = 0; path = nobody.one.app; sourceTree = BUILT_PRODUCTS_DIR; };
		7D4CD91624B457F2009AEA54 /* AppDelegate.swift */ = {isa = PBXFileReference; lastKnownFileType = sourcecode.swift; path = AppDelegate.swift; sourceTree = "<group>"; };
		7D4CD91824B457F2009AEA54 /* SceneDelegate.swift */ = {isa = PBXFileReference; lastKnownFileType = sourcecode.swift; path = SceneDelegate.swift; sourceTree = "<group>"; };
		7D4CD91A24B457F2009AEA54 /* TourViewController.swift */ = {isa = PBXFileReference; lastKnownFileType = sourcecode.swift; path = TourViewController.swift; sourceTree = "<group>"; };
		7D4CD91C24B457F2009AEA54 /* AlbumsViewController.swift */ = {isa = PBXFileReference; lastKnownFileType = sourcecode.swift; path = AlbumsViewController.swift; sourceTree = "<group>"; };
		7D4CD91F24B457F2009AEA54 /* Base */ = {isa = PBXFileReference; lastKnownFileType = file.storyboard; name = Base; path = Base.lproj/Main.storyboard; sourceTree = "<group>"; };
		7D4CD92124B457F3009AEA54 /* Assets.xcassets */ = {isa = PBXFileReference; lastKnownFileType = folder.assetcatalog; path = Assets.xcassets; sourceTree = "<group>"; };
		7D4CD92424B457F3009AEA54 /* Base */ = {isa = PBXFileReference; lastKnownFileType = file.storyboard; name = Base; path = Base.lproj/LaunchScreen.storyboard; sourceTree = "<group>"; };
		7D4CD92624B457F3009AEA54 /* Info.plist */ = {isa = PBXFileReference; lastKnownFileType = text.plist.xml; path = Info.plist; sourceTree = "<group>"; };
		7D4CD92C24B4585F009AEA54 /* MainTabBarController.swift */ = {isa = PBXFileReference; lastKnownFileType = sourcecode.swift; path = MainTabBarController.swift; sourceTree = "<group>"; };
		7D4CD92E24B458CB009AEA54 /* InformationViewController.swift */ = {isa = PBXFileReference; lastKnownFileType = sourcecode.swift; path = InformationViewController.swift; sourceTree = "<group>"; };
		7D4CD93124B45AE6009AEA54 /* Ubuntu-Medium.ttf */ = {isa = PBXFileReference; lastKnownFileType = file; path = "Ubuntu-Medium.ttf"; sourceTree = "<group>"; };
		7D4CD93224B45AE6009AEA54 /* Ubuntu-Light.ttf */ = {isa = PBXFileReference; lastKnownFileType = file; path = "Ubuntu-Light.ttf"; sourceTree = "<group>"; };
		7D4CD93424B45AE6009AEA54 /* Ubuntu-Regular.ttf */ = {isa = PBXFileReference; lastKnownFileType = file; path = "Ubuntu-Regular.ttf"; sourceTree = "<group>"; };
		7D4CD93724B45AE6009AEA54 /* Ubuntu-Bold.ttf */ = {isa = PBXFileReference; lastKnownFileType = file; path = "Ubuntu-Bold.ttf"; sourceTree = "<group>"; };
		7D4CD94124B47480009AEA54 /* BaseViewController.swift */ = {isa = PBXFileReference; lastKnownFileType = sourcecode.swift; path = BaseViewController.swift; sourceTree = "<group>"; };
		7D4CD94324B47AEF009AEA54 /* Concert.swift */ = {isa = PBXFileReference; lastKnownFileType = sourcecode.swift; path = Concert.swift; sourceTree = "<group>"; };
		7D4CD94724B47B2B009AEA54 /* Album.swift */ = {isa = PBXFileReference; lastKnownFileType = sourcecode.swift; path = Album.swift; sourceTree = "<group>"; };
		7D4CD94F24B48B30009AEA54 /* ConcertCell.swift */ = {isa = PBXFileReference; lastKnownFileType = sourcecode.swift; path = ConcertCell.swift; sourceTree = "<group>"; };
		7D5C3D3A24B5A563006D0D35 /* AlbumInforamtionCell.swift */ = {isa = PBXFileReference; lastKnownFileType = sourcecode.swift; path = AlbumInforamtionCell.swift; sourceTree = "<group>"; };
		7D5C3D3B24B5A563006D0D35 /* AlbumInforamtionCell.xib */ = {isa = PBXFileReference; lastKnownFileType = file.xib; path = AlbumInforamtionCell.xib; sourceTree = "<group>"; };
		7D5C3D3E24B5A582006D0D35 /* AlbumInformationHeaderCell.swift */ = {isa = PBXFileReference; lastKnownFileType = sourcecode.swift; path = AlbumInformationHeaderCell.swift; sourceTree = "<group>"; };
		7D6D6A6524BA84FE006EF77E /* AnalyticsAPISerice.swift */ = {isa = PBXFileReference; lastKnownFileType = sourcecode.swift; path = AnalyticsAPISerice.swift; sourceTree = "<group>"; };
		7D6D6A6824BA8758006EF77E /* ru */ = {isa = PBXFileReference; lastKnownFileType = text.plist.strings; name = ru; path = ru.lproj/LaunchScreen.strings; sourceTree = "<group>"; };
		7D6D6A6A24BA8760006EF77E /* uk */ = {isa = PBXFileReference; lastKnownFileType = text.plist.strings; name = uk; path = uk.lproj/LaunchScreen.strings; sourceTree = "<group>"; };
		7D6D6A6E24BA87F9006EF77E /* Base */ = {isa = PBXFileReference; lastKnownFileType = file.xib; name = Base; path = Base.lproj/ConcertCell.xib; sourceTree = "<group>"; };
		7D6D6A7124BA8800006EF77E /* en */ = {isa = PBXFileReference; lastKnownFileType = text.plist.strings; name = en; path = en.lproj/ConcertCell.strings; sourceTree = "<group>"; };
		7D6D6A7324BA8801006EF77E /* ru */ = {isa = PBXFileReference; lastKnownFileType = text.plist.strings; name = ru; path = ru.lproj/ConcertCell.strings; sourceTree = "<group>"; };
		7D6D6A7524BA8801006EF77E /* uk */ = {isa = PBXFileReference; lastKnownFileType = text.plist.strings; name = uk; path = uk.lproj/ConcertCell.strings; sourceTree = "<group>"; };
		7D6D6A7724BA8825006EF77E /* Base */ = {isa = PBXFileReference; lastKnownFileType = file.xib; name = Base; path = Base.lproj/AlbumInformationHeaderCell.xib; sourceTree = "<group>"; };
		7D6D6A7A24BA8829006EF77E /* en */ = {isa = PBXFileReference; lastKnownFileType = text.plist.strings; name = en; path = en.lproj/AlbumInformationHeaderCell.strings; sourceTree = "<group>"; };
		7D6D6A7C24BA882C006EF77E /* ru */ = {isa = PBXFileReference; lastKnownFileType = text.plist.strings; name = ru; path = ru.lproj/AlbumInformationHeaderCell.strings; sourceTree = "<group>"; };
		7D6D6A7E24BA882D006EF77E /* uk */ = {isa = PBXFileReference; lastKnownFileType = text.plist.strings; name = uk; path = uk.lproj/AlbumInformationHeaderCell.strings; sourceTree = "<group>"; };
		7D6D6A8024BA8877006EF77E /* en */ = {isa = PBXFileReference; lastKnownFileType = text.plist.strings; name = en; path = en.lproj/Localizable.strings; sourceTree = "<group>"; };
		7D6D6A8224BA887C006EF77E /* ru */ = {isa = PBXFileReference; lastKnownFileType = text.plist.strings; name = ru; path = ru.lproj/Localizable.strings; sourceTree = "<group>"; };
		7D6D6A8324BA887D006EF77E /* uk */ = {isa = PBXFileReference; lastKnownFileType = text.plist.strings; name = uk; path = uk.lproj/Localizable.strings; sourceTree = "<group>"; };
		7D91156224B5D637005C5425 /* media.json */ = {isa = PBXFileReference; fileEncoding = 4; lastKnownFileType = text.json; path = media.json; sourceTree = "<group>"; };
		7D91156424B5D69B005C5425 /* Media.swift */ = {isa = PBXFileReference; lastKnownFileType = sourcecode.swift; path = Media.swift; sourceTree = "<group>"; };
		7D91156624B5D77C005C5425 /* MediaAPIService.swift */ = {isa = PBXFileReference; lastKnownFileType = sourcecode.swift; path = MediaAPIService.swift; sourceTree = "<group>"; };
		7D91156C24B5DAFB005C5425 /* MediaCell.swift */ = {isa = PBXFileReference; lastKnownFileType = sourcecode.swift; path = MediaCell.swift; sourceTree = "<group>"; };
		7D91156D24B5DAFB005C5425 /* MediaCell.xib */ = {isa = PBXFileReference; lastKnownFileType = file.xib; path = MediaCell.xib; sourceTree = "<group>"; };
		7D94417624B4F98B00558D18 /* AlbumsAPIService.swift */ = {isa = PBXFileReference; lastKnownFileType = sourcecode.swift; path = AlbumsAPIService.swift; sourceTree = "<group>"; };
		7D94417A24B4FD6F00558D18 /* AlbumDetailsViewController.swift */ = {isa = PBXFileReference; lastKnownFileType = sourcecode.swift; path = AlbumDetailsViewController.swift; sourceTree = "<group>"; };
		7D94417C24B4FF3400558D18 /* albums-edited.json */ = {isa = PBXFileReference; fileEncoding = 4; lastKnownFileType = text.json; path = "albums-edited.json"; sourceTree = "<group>"; };
		7DCB463B24B49EC10008EF46 /* ServicesContainer.swift */ = {isa = PBXFileReference; lastKnownFileType = sourcecode.swift; path = ServicesContainer.swift; sourceTree = "<group>"; };
		7DCB463D24B49EDD0008EF46 /* ConcertsAPIService.swift */ = {isa = PBXFileReference; lastKnownFileType = sourcecode.swift; path = ConcertsAPIService.swift; sourceTree = "<group>"; };
		7DFB275724E91A320078192B /* ConcertViewController.swift */ = {isa = PBXFileReference; lastKnownFileType = sourcecode.swift; path = ConcertViewController.swift; sourceTree = "<group>"; };
		7DFB275924E920F30078192B /* ConcertMapLocation.swift */ = {isa = PBXFileReference; lastKnownFileType = sourcecode.swift; path = ConcertMapLocation.swift; sourceTree = "<group>"; };
		7DFB275B24E923880078192B /* Artwork.swift */ = {isa = PBXFileReference; lastKnownFileType = sourcecode.swift; path = Artwork.swift; sourceTree = "<group>"; };
		7DFB275E24E93B790078192B /* en */ = {isa = PBXFileReference; lastKnownFileType = text.plist.strings; name = en; path = en.lproj/Main.strings; sourceTree = "<group>"; };
		7DFB276024E93B820078192B /* ru */ = {isa = PBXFileReference; lastKnownFileType = text.plist.strings; name = ru; path = ru.lproj/Main.strings; sourceTree = "<group>"; };
		7DFB276224E93B8A0078192B /* uk */ = {isa = PBXFileReference; lastKnownFileType = text.plist.strings; name = uk; path = uk.lproj/Main.strings; sourceTree = "<group>"; };
		7DFD911E24B49B41008CD205 /* GoogleService-Info.plist */ = {isa = PBXFileReference; fileEncoding = 4; lastKnownFileType = text.plist.xml; path = "GoogleService-Info.plist"; sourceTree = "<group>"; };
		ADAC2870C28224D9F1811867 /* Pods-nobodyOne.release.xcconfig */ = {isa = PBXFileReference; includeInIndex = 1; lastKnownFileType = text.xcconfig; name = "Pods-nobodyOne.release.xcconfig"; path = "Target Support Files/Pods-nobodyOne/Pods-nobodyOne.release.xcconfig"; sourceTree = "<group>"; };
		B078590F2D7176E60F0884EB /* Pods-nobodyOne.debug.xcconfig */ = {isa = PBXFileReference; includeInIndex = 1; lastKnownFileType = text.xcconfig; name = "Pods-nobodyOne.debug.xcconfig"; path = "Target Support Files/Pods-nobodyOne/Pods-nobodyOne.debug.xcconfig"; sourceTree = "<group>"; };
/* End PBXFileReference section */

/* Begin PBXFrameworksBuildPhase section */
		7D4CD91024B457F2009AEA54 /* Frameworks */ = {
			isa = PBXFrameworksBuildPhase;
			buildActionMask = 2147483647;
			files = (
				7DFB275624E917AB0078192B /* Kingfisher in Frameworks */,
				C444C6CE515222282AE6F15E /* Pods_nobodyOne.framework in Frameworks */,
			);
			runOnlyForDeploymentPostprocessing = 0;
		};
/* End PBXFrameworksBuildPhase section */

/* Begin PBXGroup section */
		7D4CD90A24B457F2009AEA54 = {
			isa = PBXGroup;
			children = (
				7D4CD91524B457F2009AEA54 /* nobodyOne */,
				7D4CD91424B457F2009AEA54 /* Products */,
				ED7F68238B6554C4CB725015 /* Pods */,
				8417D8604AE334AB0703E184 /* Frameworks */,
			);
			sourceTree = "<group>";
		};
		7D4CD91424B457F2009AEA54 /* Products */ = {
			isa = PBXGroup;
			children = (
				7D4CD91324B457F2009AEA54 /* nobody.one.app */,
			);
			name = Products;
			sourceTree = "<group>";
		};
		7D4CD91524B457F2009AEA54 /* nobodyOne */ = {
			isa = PBXGroup;
			children = (
				7DCB463A24B49D950008EF46 /* Services */,
				7D4CD94E24B485DA009AEA54 /* Cells */,
				7D4CD94924B47B44009AEA54 /* Tabs */,
				7D4CD94624B47B1B009AEA54 /* Models */,
				7D4CD92C24B4585F009AEA54 /* MainTabBarController.swift */,
				7D4CD91E24B457F2009AEA54 /* Main.storyboard */,
				7D4CD92124B457F3009AEA54 /* Assets.xcassets */,
				7D4CD92324B457F3009AEA54 /* LaunchScreen.storyboard */,
				7D4CD94524B47B08009AEA54 /* Additional Files */,
				7D4CD93024B45AA1009AEA54 /* Fonts */,
			);
			path = nobodyOne;
			sourceTree = "<group>";
		};
		7D4CD93024B45AA1009AEA54 /* Fonts */ = {
			isa = PBXGroup;
			children = (
				7D4CD93724B45AE6009AEA54 /* Ubuntu-Bold.ttf */,
				7D4CD93224B45AE6009AEA54 /* Ubuntu-Light.ttf */,
				7D4CD93124B45AE6009AEA54 /* Ubuntu-Medium.ttf */,
				7D4CD93424B45AE6009AEA54 /* Ubuntu-Regular.ttf */,
			);
			path = Fonts;
			sourceTree = "<group>";
		};
		7D4CD94524B47B08009AEA54 /* Additional Files */ = {
			isa = PBXGroup;
			children = (
				7D6D6A8124BA8877006EF77E /* Localizable.strings */,
				7D94417C24B4FF3400558D18 /* albums-edited.json */,
				7D91156224B5D637005C5425 /* media.json */,
				7D4CD92624B457F3009AEA54 /* Info.plist */,
				7DFD911E24B49B41008CD205 /* GoogleService-Info.plist */,
				7D4CD91624B457F2009AEA54 /* AppDelegate.swift */,
				7D4CD91824B457F2009AEA54 /* SceneDelegate.swift */,
				7D4CD94124B47480009AEA54 /* BaseViewController.swift */,
				7D16CB9824B4A5760027ACD7 /* Extensions.swift */,
				7DFB275B24E923880078192B /* Artwork.swift */,
			);
			path = "Additional Files";
			sourceTree = "<group>";
		};
		7D4CD94624B47B1B009AEA54 /* Models */ = {
			isa = PBXGroup;
			children = (
				7D16CB9A24B4A94E0027ACD7 /* Tour.swift */,
				7DFB275924E920F30078192B /* ConcertMapLocation.swift */,
				7D4CD94324B47AEF009AEA54 /* Concert.swift */,
				7D4CD94724B47B2B009AEA54 /* Album.swift */,
				7D33686F24B4E33C0018746B /* Song.swift */,
				7D91156424B5D69B005C5425 /* Media.swift */,
			);
			path = Models;
			sourceTree = "<group>";
		};
		7D4CD94924B47B44009AEA54 /* Tabs */ = {
			isa = PBXGroup;
			children = (
				7D4CD91A24B457F2009AEA54 /* TourViewController.swift */,
				7DFB275724E91A320078192B /* ConcertViewController.swift */,
				7D4CD91C24B457F2009AEA54 /* AlbumsViewController.swift */,
				7D94417A24B4FD6F00558D18 /* AlbumDetailsViewController.swift */,
				7D4CD92E24B458CB009AEA54 /* InformationViewController.swift */,
			);
			path = Tabs;
			sourceTree = "<group>";
		};
		7D4CD94E24B485DA009AEA54 /* Cells */ = {
			isa = PBXGroup;
			children = (
				7D33687524B4E8E30018746B /* BaseCell.swift */,
				7D91157024B5DAFE005C5425 /* MediaCell */,
				7D91156824B5DAC3005C5425 /* ConcertCell */,
				7D91156924B5DACD005C5425 /* AlbumCell */,
				7D91156A24B5DAD7005C5425 /* SongCell */,
				7D91156B24B5DAE2005C5425 /* AlbumInformationCells */,
			);
			path = Cells;
			sourceTree = "<group>";
		};
		7D91156824B5DAC3005C5425 /* ConcertCell */ = {
			isa = PBXGroup;
			children = (
				7D4CD94F24B48B30009AEA54 /* ConcertCell.swift */,
				7D6D6A6F24BA87F9006EF77E /* ConcertCell.xib */,
			);
			path = ConcertCell;
			sourceTree = "<group>";
		};
		7D91156924B5DACD005C5425 /* AlbumCell */ = {
			isa = PBXGroup;
			children = (
				7D33687124B4E4A40018746B /* AlbumCell.swift */,
				7D33687224B4E4A40018746B /* AlbumCell.xib */,
			);
			path = AlbumCell;
			sourceTree = "<group>";
		};
		7D91156A24B5DAD7005C5425 /* SongCell */ = {
			isa = PBXGroup;
			children = (
				7D121FC824B59248009FD29F /* SongCell.swift */,
				7D121FC924B59248009FD29F /* SongCell.xib */,
			);
			path = SongCell;
			sourceTree = "<group>";
		};
		7D91156B24B5DAE2005C5425 /* AlbumInformationCells */ = {
			isa = PBXGroup;
			children = (
				7D5C3D3A24B5A563006D0D35 /* AlbumInforamtionCell.swift */,
				7D5C3D3B24B5A563006D0D35 /* AlbumInforamtionCell.xib */,
				7D5C3D3E24B5A582006D0D35 /* AlbumInformationHeaderCell.swift */,
				7D6D6A7824BA8825006EF77E /* AlbumInformationHeaderCell.xib */,
			);
			path = AlbumInformationCells;
			sourceTree = "<group>";
		};
		7D91157024B5DAFE005C5425 /* MediaCell */ = {
			isa = PBXGroup;
			children = (
				7D91156C24B5DAFB005C5425 /* MediaCell.swift */,
				7D91156D24B5DAFB005C5425 /* MediaCell.xib */,
			);
			path = MediaCell;
			sourceTree = "<group>";
		};
		7DCB463A24B49D950008EF46 /* Services */ = {
			isa = PBXGroup;
			children = (
				7DCB463B24B49EC10008EF46 /* ServicesContainer.swift */,
				7DCB463D24B49EDD0008EF46 /* ConcertsAPIService.swift */,
				7D94417624B4F98B00558D18 /* AlbumsAPIService.swift */,
				7D91156624B5D77C005C5425 /* MediaAPIService.swift */,
				7D6D6A6524BA84FE006EF77E /* AnalyticsAPISerice.swift */,
			);
			path = Services;
			sourceTree = "<group>";
		};
		8417D8604AE334AB0703E184 /* Frameworks */ = {
			isa = PBXGroup;
			children = (
				55567A7B68644B5E073FC6FD /* Pods_nobodyOne.framework */,
			);
			name = Frameworks;
			sourceTree = "<group>";
		};
		ED7F68238B6554C4CB725015 /* Pods */ = {
			isa = PBXGroup;
			children = (
				B078590F2D7176E60F0884EB /* Pods-nobodyOne.debug.xcconfig */,
				ADAC2870C28224D9F1811867 /* Pods-nobodyOne.release.xcconfig */,
			);
			path = Pods;
			sourceTree = "<group>";
		};
/* End PBXGroup section */

/* Begin PBXNativeTarget section */
		7D4CD91224B457F2009AEA54 /* nobodyOne */ = {
			isa = PBXNativeTarget;
			buildConfigurationList = 7D4CD92924B457F3009AEA54 /* Build configuration list for PBXNativeTarget "nobodyOne" */;
			buildPhases = (
				14E84989369712AAFF74B8B8 /* [CP] Check Pods Manifest.lock */,
				7D4CD90F24B457F2009AEA54 /* Sources */,
				7D4CD91024B457F2009AEA54 /* Frameworks */,
				7D4CD91124B457F2009AEA54 /* Resources */,
				E9124155A038C2E9B65A60FE /* [CP] Embed Pods Frameworks */,
			);
			buildRules = (
			);
			dependencies = (
			);
			name = nobodyOne;
			packageProductDependencies = (
				7DFB275524E917AB0078192B /* Kingfisher */,
			);
			productName = nobodyOne;
			productReference = 7D4CD91324B457F2009AEA54 /* nobody.one.app */;
			productType = "com.apple.product-type.application";
		};
/* End PBXNativeTarget section */

/* Begin PBXProject section */
		7D4CD90B24B457F2009AEA54 /* Project object */ = {
			isa = PBXProject;
			attributes = {
				LastSwiftUpdateCheck = 1150;
				LastUpgradeCheck = 1150;
				ORGANIZATIONNAME = "Vladyslav Vdovychenko";
				TargetAttributes = {
					7D4CD91224B457F2009AEA54 = {
						CreatedOnToolsVersion = 11.5;
					};
				};
			};
			buildConfigurationList = 7D4CD90E24B457F2009AEA54 /* Build configuration list for PBXProject "nobodyOne" */;
			compatibilityVersion = "Xcode 9.3";
			developmentRegion = en;
			hasScannedForEncodings = 0;
			knownRegions = (
				en,
				Base,
				ru,
				uk,
			);
			mainGroup = 7D4CD90A24B457F2009AEA54;
			packageReferences = (
				7DFB275424E917AB0078192B /* XCRemoteSwiftPackageReference "Kingfisher" */,
			);
			productRefGroup = 7D4CD91424B457F2009AEA54 /* Products */;
			projectDirPath = "";
			projectRoot = "";
			targets = (
				7D4CD91224B457F2009AEA54 /* nobodyOne */,
			);
		};
/* End PBXProject section */

/* Begin PBXResourcesBuildPhase section */
		7D4CD91124B457F2009AEA54 /* Resources */ = {
			isa = PBXResourcesBuildPhase;
			buildActionMask = 2147483647;
			files = (
				7D6D6A8424BA8880006EF77E /* Localizable.strings in Resources */,
				7D4CD93F24B45AE7009AEA54 /* Ubuntu-Bold.ttf in Resources */,
				7D91156324B5D637005C5425 /* media.json in Resources */,
				7D4CD92524B457F3009AEA54 /* LaunchScreen.storyboard in Resources */,
				7D94417D24B4FF3400558D18 /* albums-edited.json in Resources */,
				7DFD911F24B49B41008CD205 /* GoogleService-Info.plist in Resources */,
				7D4CD92224B457F3009AEA54 /* Assets.xcassets in Resources */,
				7D6D6A7624BA8825006EF77E /* AlbumInformationHeaderCell.xib in Resources */,
				7D4CD93A24B45AE7009AEA54 /* Ubuntu-Light.ttf in Resources */,
				7D4CD93924B45AE7009AEA54 /* Ubuntu-Medium.ttf in Resources */,
				7D5C3D3D24B5A563006D0D35 /* AlbumInforamtionCell.xib in Resources */,
				7D4CD93C24B45AE7009AEA54 /* Ubuntu-Regular.ttf in Resources */,
				7D121FCB24B59248009FD29F /* SongCell.xib in Resources */,
				7D33687424B4E4A40018746B /* AlbumCell.xib in Resources */,
				7D6D6A6D24BA87F9006EF77E /* ConcertCell.xib in Resources */,
				7D91156F24B5DAFB005C5425 /* MediaCell.xib in Resources */,
				7D4CD92024B457F2009AEA54 /* Main.storyboard in Resources */,
			);
			runOnlyForDeploymentPostprocessing = 0;
		};
/* End PBXResourcesBuildPhase section */

/* Begin PBXShellScriptBuildPhase section */
		14E84989369712AAFF74B8B8 /* [CP] Check Pods Manifest.lock */ = {
			isa = PBXShellScriptBuildPhase;
			buildActionMask = 2147483647;
			files = (
			);
			inputFileListPaths = (
			);
			inputPaths = (
				"${PODS_PODFILE_DIR_PATH}/Podfile.lock",
				"${PODS_ROOT}/Manifest.lock",
			);
			name = "[CP] Check Pods Manifest.lock";
			outputFileListPaths = (
			);
			outputPaths = (
				"$(DERIVED_FILE_DIR)/Pods-nobodyOne-checkManifestLockResult.txt",
			);
			runOnlyForDeploymentPostprocessing = 0;
			shellPath = /bin/sh;
			shellScript = "diff \"${PODS_PODFILE_DIR_PATH}/Podfile.lock\" \"${PODS_ROOT}/Manifest.lock\" > /dev/null\nif [ $? != 0 ] ; then\n    # print error to STDERR\n    echo \"error: The sandbox is not in sync with the Podfile.lock. Run 'pod install' or update your CocoaPods installation.\" >&2\n    exit 1\nfi\n# This output is used by Xcode 'outputs' to avoid re-running this script phase.\necho \"SUCCESS\" > \"${SCRIPT_OUTPUT_FILE_0}\"\n";
			showEnvVarsInLog = 0;
		};
		E9124155A038C2E9B65A60FE /* [CP] Embed Pods Frameworks */ = {
			isa = PBXShellScriptBuildPhase;
			buildActionMask = 2147483647;
			files = (
			);
			inputFileListPaths = (
				"${PODS_ROOT}/Target Support Files/Pods-nobodyOne/Pods-nobodyOne-frameworks-${CONFIGURATION}-input-files.xcfilelist",
			);
			name = "[CP] Embed Pods Frameworks";
			outputFileListPaths = (
				"${PODS_ROOT}/Target Support Files/Pods-nobodyOne/Pods-nobodyOne-frameworks-${CONFIGURATION}-output-files.xcfilelist",
			);
			runOnlyForDeploymentPostprocessing = 0;
			shellPath = /bin/sh;
			shellScript = "\"${PODS_ROOT}/Target Support Files/Pods-nobodyOne/Pods-nobodyOne-frameworks.sh\"\n";
			showEnvVarsInLog = 0;
		};
/* End PBXShellScriptBuildPhase section */

/* Begin PBXSourcesBuildPhase section */
		7D4CD90F24B457F2009AEA54 /* Sources */ = {
			isa = PBXSourcesBuildPhase;
			buildActionMask = 2147483647;
			files = (
				7D4CD91D24B457F2009AEA54 /* AlbumsViewController.swift in Sources */,
				7D4CD91B24B457F2009AEA54 /* TourViewController.swift in Sources */,
				7D91156E24B5DAFB005C5425 /* MediaCell.swift in Sources */,
				7DCB463E24B49EDD0008EF46 /* ConcertsAPIService.swift in Sources */,
				7D4CD92D24B4585F009AEA54 /* MainTabBarController.swift in Sources */,
				7D4CD91724B457F2009AEA54 /* AppDelegate.swift in Sources */,
				7D5C3D3C24B5A563006D0D35 /* AlbumInforamtionCell.swift in Sources */,
				7DFB275C24E923880078192B /* Artwork.swift in Sources */,
				7D91156524B5D69B005C5425 /* Media.swift in Sources */,
				7DFB275A24E920F30078192B /* ConcertMapLocation.swift in Sources */,
				7D94417B24B4FD6F00558D18 /* AlbumDetailsViewController.swift in Sources */,
				7D4CD91924B457F2009AEA54 /* SceneDelegate.swift in Sources */,
				7D94417724B4F98B00558D18 /* AlbumsAPIService.swift in Sources */,
				7D121FCA24B59248009FD29F /* SongCell.swift in Sources */,
				7D4CD94824B47B2B009AEA54 /* Album.swift in Sources */,
				7D16CB9B24B4A94E0027ACD7 /* Tour.swift in Sources */,
				7D6D6A6624BA84FE006EF77E /* AnalyticsAPISerice.swift in Sources */,
				7DCB463C24B49EC10008EF46 /* ServicesContainer.swift in Sources */,
				7D16CB9924B4A5760027ACD7 /* Extensions.swift in Sources */,
				7DFB275824E91A320078192B /* ConcertViewController.swift in Sources */,
				7D33687024B4E33C0018746B /* Song.swift in Sources */,
				7D33687624B4E8E30018746B /* BaseCell.swift in Sources */,
				7D5C3D4024B5A582006D0D35 /* AlbumInformationHeaderCell.swift in Sources */,
				7D33687324B4E4A40018746B /* AlbumCell.swift in Sources */,
				7D91156724B5D77C005C5425 /* MediaAPIService.swift in Sources */,
				7D4CD95124B48B30009AEA54 /* ConcertCell.swift in Sources */,
				7D4CD94224B47480009AEA54 /* BaseViewController.swift in Sources */,
				7D4CD94424B47AEF009AEA54 /* Concert.swift in Sources */,
				7D4CD92F24B458CB009AEA54 /* InformationViewController.swift in Sources */,
			);
			runOnlyForDeploymentPostprocessing = 0;
		};
/* End PBXSourcesBuildPhase section */

/* Begin PBXVariantGroup section */
		7D4CD91E24B457F2009AEA54 /* Main.storyboard */ = {
			isa = PBXVariantGroup;
			children = (
				7D4CD91F24B457F2009AEA54 /* Base */,
				7DFB275E24E93B790078192B /* en */,
				7DFB276024E93B820078192B /* ru */,
				7DFB276224E93B8A0078192B /* uk */,
			);
			name = Main.storyboard;
			sourceTree = "<group>";
		};
		7D4CD92324B457F3009AEA54 /* LaunchScreen.storyboard */ = {
			isa = PBXVariantGroup;
			children = (
				7D4CD92424B457F3009AEA54 /* Base */,
				7D6D6A6824BA8758006EF77E /* ru */,
				7D6D6A6A24BA8760006EF77E /* uk */,
			);
			name = LaunchScreen.storyboard;
			sourceTree = "<group>";
		};
		7D6D6A6F24BA87F9006EF77E /* ConcertCell.xib */ = {
			isa = PBXVariantGroup;
			children = (
				7D6D6A6E24BA87F9006EF77E /* Base */,
				7D6D6A7124BA8800006EF77E /* en */,
				7D6D6A7324BA8801006EF77E /* ru */,
				7D6D6A7524BA8801006EF77E /* uk */,
			);
			name = ConcertCell.xib;
			sourceTree = "<group>";
		};
		7D6D6A7824BA8825006EF77E /* AlbumInformationHeaderCell.xib */ = {
			isa = PBXVariantGroup;
			children = (
				7D6D6A7724BA8825006EF77E /* Base */,
				7D6D6A7A24BA8829006EF77E /* en */,
				7D6D6A7C24BA882C006EF77E /* ru */,
				7D6D6A7E24BA882D006EF77E /* uk */,
			);
			name = AlbumInformationHeaderCell.xib;
			sourceTree = "<group>";
		};
		7D6D6A8124BA8877006EF77E /* Localizable.strings */ = {
			isa = PBXVariantGroup;
			children = (
				7D6D6A8024BA8877006EF77E /* en */,
				7D6D6A8224BA887C006EF77E /* ru */,
				7D6D6A8324BA887D006EF77E /* uk */,
			);
			name = Localizable.strings;
			path = "/Users/vladyslavvdovychenko/Desktop/nobodyOne/nobodyOne/Additional Files";
			sourceTree = "<absolute>";
		};
/* End PBXVariantGroup section */

/* Begin XCBuildConfiguration section */
		7D4CD92724B457F3009AEA54 /* Debug */ = {
			isa = XCBuildConfiguration;
			buildSettings = {
				ALWAYS_SEARCH_USER_PATHS = NO;
				CLANG_ANALYZER_LOCALIZABILITY_NONLOCALIZED = YES;
				CLANG_ANALYZER_NONNULL = YES;
				CLANG_ANALYZER_NUMBER_OBJECT_CONVERSION = YES_AGGRESSIVE;
				CLANG_CXX_LANGUAGE_STANDARD = "gnu++14";
				CLANG_CXX_LIBRARY = "libc++";
				CLANG_ENABLE_MODULES = YES;
				CLANG_ENABLE_OBJC_ARC = YES;
				CLANG_ENABLE_OBJC_WEAK = YES;
				CLANG_WARN_BLOCK_CAPTURE_AUTORELEASING = YES;
				CLANG_WARN_BOOL_CONVERSION = YES;
				CLANG_WARN_COMMA = YES;
				CLANG_WARN_CONSTANT_CONVERSION = YES;
				CLANG_WARN_DEPRECATED_OBJC_IMPLEMENTATIONS = YES;
				CLANG_WARN_DIRECT_OBJC_ISA_USAGE = YES_ERROR;
				CLANG_WARN_DOCUMENTATION_COMMENTS = YES;
				CLANG_WARN_EMPTY_BODY = YES;
				CLANG_WARN_ENUM_CONVERSION = YES;
				CLANG_WARN_INFINITE_RECURSION = YES;
				CLANG_WARN_INT_CONVERSION = YES;
				CLANG_WARN_NON_LITERAL_NULL_CONVERSION = YES;
				CLANG_WARN_OBJC_IMPLICIT_RETAIN_SELF = YES;
				CLANG_WARN_OBJC_LITERAL_CONVERSION = YES;
				CLANG_WARN_OBJC_ROOT_CLASS = YES_ERROR;
				CLANG_WARN_RANGE_LOOP_ANALYSIS = YES;
				CLANG_WARN_STRICT_PROTOTYPES = YES;
				CLANG_WARN_SUSPICIOUS_MOVE = YES;
				CLANG_WARN_UNGUARDED_AVAILABILITY = YES_AGGRESSIVE;
				CLANG_WARN_UNREACHABLE_CODE = YES;
				CLANG_WARN__DUPLICATE_METHOD_MATCH = YES;
				COPY_PHASE_STRIP = NO;
				DEBUG_INFORMATION_FORMAT = dwarf;
				ENABLE_STRICT_OBJC_MSGSEND = YES;
				ENABLE_TESTABILITY = YES;
				GCC_C_LANGUAGE_STANDARD = gnu11;
				GCC_DYNAMIC_NO_PIC = NO;
				GCC_NO_COMMON_BLOCKS = YES;
				GCC_OPTIMIZATION_LEVEL = 0;
				GCC_PREPROCESSOR_DEFINITIONS = (
					"DEBUG=1",
					"$(inherited)",
				);
				GCC_WARN_64_TO_32_BIT_CONVERSION = YES;
				GCC_WARN_ABOUT_RETURN_TYPE = YES_ERROR;
				GCC_WARN_UNDECLARED_SELECTOR = YES;
				GCC_WARN_UNINITIALIZED_AUTOS = YES_AGGRESSIVE;
				GCC_WARN_UNUSED_FUNCTION = YES;
				GCC_WARN_UNUSED_VARIABLE = YES;
				IPHONEOS_DEPLOYMENT_TARGET = 13.5;
				MTL_ENABLE_DEBUG_INFO = INCLUDE_SOURCE;
				MTL_FAST_MATH = YES;
				ONLY_ACTIVE_ARCH = YES;
				SDKROOT = iphoneos;
				SWIFT_ACTIVE_COMPILATION_CONDITIONS = DEBUG;
				SWIFT_OPTIMIZATION_LEVEL = "-Onone";
			};
			name = Debug;
		};
		7D4CD92824B457F3009AEA54 /* Release */ = {
			isa = XCBuildConfiguration;
			buildSettings = {
				ALWAYS_SEARCH_USER_PATHS = NO;
				CLANG_ANALYZER_LOCALIZABILITY_NONLOCALIZED = YES;
				CLANG_ANALYZER_NONNULL = YES;
				CLANG_ANALYZER_NUMBER_OBJECT_CONVERSION = YES_AGGRESSIVE;
				CLANG_CXX_LANGUAGE_STANDARD = "gnu++14";
				CLANG_CXX_LIBRARY = "libc++";
				CLANG_ENABLE_MODULES = YES;
				CLANG_ENABLE_OBJC_ARC = YES;
				CLANG_ENABLE_OBJC_WEAK = YES;
				CLANG_WARN_BLOCK_CAPTURE_AUTORELEASING = YES;
				CLANG_WARN_BOOL_CONVERSION = YES;
				CLANG_WARN_COMMA = YES;
				CLANG_WARN_CONSTANT_CONVERSION = YES;
				CLANG_WARN_DEPRECATED_OBJC_IMPLEMENTATIONS = YES;
				CLANG_WARN_DIRECT_OBJC_ISA_USAGE = YES_ERROR;
				CLANG_WARN_DOCUMENTATION_COMMENTS = YES;
				CLANG_WARN_EMPTY_BODY = YES;
				CLANG_WARN_ENUM_CONVERSION = YES;
				CLANG_WARN_INFINITE_RECURSION = YES;
				CLANG_WARN_INT_CONVERSION = YES;
				CLANG_WARN_NON_LITERAL_NULL_CONVERSION = YES;
				CLANG_WARN_OBJC_IMPLICIT_RETAIN_SELF = YES;
				CLANG_WARN_OBJC_LITERAL_CONVERSION = YES;
				CLANG_WARN_OBJC_ROOT_CLASS = YES_ERROR;
				CLANG_WARN_RANGE_LOOP_ANALYSIS = YES;
				CLANG_WARN_STRICT_PROTOTYPES = YES;
				CLANG_WARN_SUSPICIOUS_MOVE = YES;
				CLANG_WARN_UNGUARDED_AVAILABILITY = YES_AGGRESSIVE;
				CLANG_WARN_UNREACHABLE_CODE = YES;
				CLANG_WARN__DUPLICATE_METHOD_MATCH = YES;
				COPY_PHASE_STRIP = NO;
				DEBUG_INFORMATION_FORMAT = "dwarf-with-dsym";
				ENABLE_NS_ASSERTIONS = NO;
				ENABLE_STRICT_OBJC_MSGSEND = YES;
				GCC_C_LANGUAGE_STANDARD = gnu11;
				GCC_NO_COMMON_BLOCKS = YES;
				GCC_WARN_64_TO_32_BIT_CONVERSION = YES;
				GCC_WARN_ABOUT_RETURN_TYPE = YES_ERROR;
				GCC_WARN_UNDECLARED_SELECTOR = YES;
				GCC_WARN_UNINITIALIZED_AUTOS = YES_AGGRESSIVE;
				GCC_WARN_UNUSED_FUNCTION = YES;
				GCC_WARN_UNUSED_VARIABLE = YES;
				IPHONEOS_DEPLOYMENT_TARGET = 13.5;
				MTL_ENABLE_DEBUG_INFO = NO;
				MTL_FAST_MATH = YES;
				SDKROOT = iphoneos;
				SWIFT_COMPILATION_MODE = wholemodule;
				SWIFT_OPTIMIZATION_LEVEL = "-O";
				VALIDATE_PRODUCT = YES;
			};
			name = Release;
		};
		7D4CD92A24B457F3009AEA54 /* Debug */ = {
			isa = XCBuildConfiguration;
			baseConfigurationReference = B078590F2D7176E60F0884EB /* Pods-nobodyOne.debug.xcconfig */;
			buildSettings = {
				ASSETCATALOG_COMPILER_APPICON_NAME = AppIcon;
				CODE_SIGN_STYLE = Automatic;
				CURRENT_PROJECT_VERSION = 2;
				DEVELOPMENT_TEAM = 839QV4DU65;
				INFOPLIST_FILE = "nobodyOne/Additional Files/Info.plist";
				IPHONEOS_DEPLOYMENT_TARGET = 11.0;
				LD_RUNPATH_SEARCH_PATHS = (
					"$(inherited)",
					"@executable_path/Frameworks",
				);
				MARKETING_VERSION = 1.3;
				PRODUCT_BUNDLE_IDENTIFIER = tomark.nobodyOne;
				PRODUCT_NAME = nobody.one;
				SWIFT_VERSION = 5.0;
				TARGETED_DEVICE_FAMILY = 1;
			};
			name = Debug;
		};
		7D4CD92B24B457F3009AEA54 /* Release */ = {
			isa = XCBuildConfiguration;
			baseConfigurationReference = ADAC2870C28224D9F1811867 /* Pods-nobodyOne.release.xcconfig */;
			buildSettings = {
				ASSETCATALOG_COMPILER_APPICON_NAME = AppIcon;
				CODE_SIGN_STYLE = Automatic;
				CURRENT_PROJECT_VERSION = 2;
				DEVELOPMENT_TEAM = 839QV4DU65;
				INFOPLIST_FILE = "nobodyOne/Additional Files/Info.plist";
				IPHONEOS_DEPLOYMENT_TARGET = 11.0;
				LD_RUNPATH_SEARCH_PATHS = (
					"$(inherited)",
					"@executable_path/Frameworks",
				);
				MARKETING_VERSION = 1.3;
				PRODUCT_BUNDLE_IDENTIFIER = tomark.nobodyOne;
				PRODUCT_NAME = nobody.one;
				SWIFT_VERSION = 5.0;
				TARGETED_DEVICE_FAMILY = 1;
			};
			name = Release;
		};
/* End XCBuildConfiguration section */

/* Begin XCConfigurationList section */
		7D4CD90E24B457F2009AEA54 /* Build configuration list for PBXProject "nobodyOne" */ = {
			isa = XCConfigurationList;
			buildConfigurations = (
				7D4CD92724B457F3009AEA54 /* Debug */,
				7D4CD92824B457F3009AEA54 /* Release */,
			);
			defaultConfigurationIsVisible = 0;
			defaultConfigurationName = Release;
		};
		7D4CD92924B457F3009AEA54 /* Build configuration list for PBXNativeTarget "nobodyOne" */ = {
			isa = XCConfigurationList;
			buildConfigurations = (
				7D4CD92A24B457F3009AEA54 /* Debug */,
				7D4CD92B24B457F3009AEA54 /* Release */,
			);
			defaultConfigurationIsVisible = 0;
			defaultConfigurationName = Release;
		};
/* End XCConfigurationList section */

/* Begin XCRemoteSwiftPackageReference section */
		7DFB275424E917AB0078192B /* XCRemoteSwiftPackageReference "Kingfisher" */ = {
			isa = XCRemoteSwiftPackageReference;
			repositoryURL = "https://github.com/onevcat/Kingfisher.git";
			requirement = {
				kind = upToNextMajorVersion;
				minimumVersion = 5.14.1;
			};
		};
/* End XCRemoteSwiftPackageReference section */

/* Begin XCSwiftPackageProductDependency section */
		7DFB275524E917AB0078192B /* Kingfisher */ = {
			isa = XCSwiftPackageProductDependency;
			package = 7DFB275424E917AB0078192B /* XCRemoteSwiftPackageReference "Kingfisher" */;
			productName = Kingfisher;
		};
/* End XCSwiftPackageProductDependency section */
	};
	rootObject = 7D4CD90B24B457F2009AEA54 /* Project object */;
}
